// !$*UTF8*$!
{
	archiveVersion = 1;
	classes = {
	};
	objectVersion = 50;
	objects = {

/* Begin PBXBuildFile section */
		9B3AAD2B230254D3003AFEF3 /* AppDelegate.m in Sources */ = {isa = PBXBuildFile; fileRef = 9B3AAD2A230254D3003AFEF3 /* AppDelegate.m */; };
		9B3AAD2E230254D3003AFEF3 /* ViewController.m in Sources */ = {isa = PBXBuildFile; fileRef = 9B3AAD2D230254D3003AFEF3 /* ViewController.m */; };
		9B3AAD31230254D3003AFEF3 /* Main.storyboard in Resources */ = {isa = PBXBuildFile; fileRef = 9B3AAD2F230254D3003AFEF3 /* Main.storyboard */; };
		9B3AAD33230254D3003AFEF3 /* Assets.xcassets in Resources */ = {isa = PBXBuildFile; fileRef = 9B3AAD32230254D3003AFEF3 /* Assets.xcassets */; };
		9B3AAD36230254D3003AFEF3 /* LaunchScreen.storyboard in Resources */ = {isa = PBXBuildFile; fileRef = 9B3AAD34230254D3003AFEF3 /* LaunchScreen.storyboard */; };
		9B3AAD39230254D3003AFEF3 /* main.m in Sources */ = {isa = PBXBuildFile; fileRef = 9B3AAD38230254D3003AFEF3 /* main.m */; };
		9B3AAD43230254D3003AFEF3 /* SugoHeatMapDemoTests.m in Sources */ = {isa = PBXBuildFile; fileRef = 9B3AAD42230254D3003AFEF3 /* SugoHeatMapDemoTests.m */; };
		9B3AAD4E230254D3003AFEF3 /* SugoHeatMapDemoUITests.m in Sources */ = {isa = PBXBuildFile; fileRef = 9B3AAD4D230254D3003AFEF3 /* SugoHeatMapDemoUITests.m */; };
/* End PBXBuildFile section */

/* Begin PBXContainerItemProxy section */
		9B3AAD3F230254D3003AFEF3 /* PBXContainerItemProxy */ = {
			isa = PBXContainerItemProxy;
			containerPortal = 9B3AAD1E230254D2003AFEF3 /* Project object */;
			proxyType = 1;
			remoteGlobalIDString = 9B3AAD25230254D3003AFEF3;
			remoteInfo = SugoHeatMapDemo;
		};
		9B3AAD4A230254D3003AFEF3 /* PBXContainerItemProxy */ = {
			isa = PBXContainerItemProxy;
			containerPortal = 9B3AAD1E230254D2003AFEF3 /* Project object */;
			proxyType = 1;
			remoteGlobalIDString = 9B3AAD25230254D3003AFEF3;
			remoteInfo = SugoHeatMapDemo;
		};
/* End PBXContainerItemProxy section */

/* Begin PBXFileReference section */
		9B3AAD26230254D3003AFEF3 /* SugoHeatMapDemo.app */ = {isa = PBXFileReference; explicitFileType = wrapper.application; includeInIndex = 0; path = SugoHeatMapDemo.app; sourceTree = BUILT_PRODUCTS_DIR; };
		9B3AAD29230254D3003AFEF3 /* AppDelegate.h */ = {isa = PBXFileReference; lastKnownFileType = sourcecode.c.h; path = AppDelegate.h; sourceTree = "<group>"; };
		9B3AAD2A230254D3003AFEF3 /* AppDelegate.m */ = {isa = PBXFileReference; lastKnownFileType = sourcecode.c.objc; path = AppDelegate.m; sourceTree = "<group>"; };
		9B3AAD2C230254D3003AFEF3 /* ViewController.h */ = {isa = PBXFileReference; lastKnownFileType = sourcecode.c.h; path = ViewController.h; sourceTree = "<group>"; };
		9B3AAD2D230254D3003AFEF3 /* ViewController.m */ = {isa = PBXFileReference; lastKnownFileType = sourcecode.c.objc; path = ViewController.m; sourceTree = "<group>"; };
		9B3AAD30230254D3003AFEF3 /* Base */ = {isa = PBXFileReference; lastKnownFileType = file.storyboard; name = Base; path = Base.lproj/Main.storyboard; sourceTree = "<group>"; };
		9B3AAD32230254D3003AFEF3 /* Assets.xcassets */ = {isa = PBXFileReference; lastKnownFileType = folder.assetcatalog; path = Assets.xcassets; sourceTree = "<group>"; };
		9B3AAD35230254D3003AFEF3 /* Base */ = {isa = PBXFileReference; lastKnownFileType = file.storyboard; name = Base; path = Base.lproj/LaunchScreen.storyboard; sourceTree = "<group>"; };
		9B3AAD37230254D3003AFEF3 /* Info.plist */ = {isa = PBXFileReference; lastKnownFileType = text.plist.xml; path = Info.plist; sourceTree = "<group>"; };
		9B3AAD38230254D3003AFEF3 /* main.m */ = {isa = PBXFileReference; lastKnownFileType = sourcecode.c.objc; path = main.m; sourceTree = "<group>"; };
		9B3AAD3E230254D3003AFEF3 /* SugoHeatMapDemoTests.xctest */ = {isa = PBXFileReference; explicitFileType = wrapper.cfbundle; includeInIndex = 0; path = SugoHeatMapDemoTests.xctest; sourceTree = BUILT_PRODUCTS_DIR; };
		9B3AAD42230254D3003AFEF3 /* SugoHeatMapDemoTests.m */ = {isa = PBXFileReference; lastKnownFileType = sourcecode.c.objc; path = SugoHeatMapDemoTests.m; sourceTree = "<group>"; };
		9B3AAD44230254D3003AFEF3 /* Info.plist */ = {isa = PBXFileReference; lastKnownFileType = text.plist.xml; path = Info.plist; sourceTree = "<group>"; };
		9B3AAD49230254D3003AFEF3 /* SugoHeatMapDemoUITests.xctest */ = {isa = PBXFileReference; explicitFileType = wrapper.cfbundle; includeInIndex = 0; path = SugoHeatMapDemoUITests.xctest; sourceTree = BUILT_PRODUCTS_DIR; };
		9B3AAD4D230254D3003AFEF3 /* SugoHeatMapDemoUITests.m */ = {isa = PBXFileReference; lastKnownFileType = sourcecode.c.objc; path = SugoHeatMapDemoUITests.m; sourceTree = "<group>"; };
		9B3AAD4F230254D3003AFEF3 /* Info.plist */ = {isa = PBXFileReference; lastKnownFileType = text.plist.xml; path = Info.plist; sourceTree = "<group>"; };
/* End PBXFileReference section */

/* Begin PBXFrameworksBuildPhase section */
		9B3AAD23230254D3003AFEF3 /* Frameworks */ = {
			isa = PBXFrameworksBuildPhase;
			buildActionMask = 2147483647;
			files = (
			);
			runOnlyForDeploymentPostprocessing = 0;
		};
		9B3AAD3B230254D3003AFEF3 /* Frameworks */ = {
			isa = PBXFrameworksBuildPhase;
			buildActionMask = 2147483647;
			files = (
			);
			runOnlyForDeploymentPostprocessing = 0;
		};
		9B3AAD46230254D3003AFEF3 /* Frameworks */ = {
			isa = PBXFrameworksBuildPhase;
			buildActionMask = 2147483647;
			files = (
			);
			runOnlyForDeploymentPostprocessing = 0;
		};
/* End PBXFrameworksBuildPhase section */

/* Begin PBXGroup section */
		9B3AAD1D230254D2003AFEF3 = {
			isa = PBXGroup;
			children = (
				9B3AAD28230254D3003AFEF3 /* SugoHeatMapDemo */,
				9B3AAD41230254D3003AFEF3 /* SugoHeatMapDemoTests */,
				9B3AAD4C230254D3003AFEF3 /* SugoHeatMapDemoUITests */,
				9B3AAD27230254D3003AFEF3 /* Products */,
			);
			sourceTree = "<group>";
		};
		9B3AAD27230254D3003AFEF3 /* Products */ = {
			isa = PBXGroup;
			children = (
				9B3AAD26230254D3003AFEF3 /* SugoHeatMapDemo.app */,
				9B3AAD3E230254D3003AFEF3 /* SugoHeatMapDemoTests.xctest */,
				9B3AAD49230254D3003AFEF3 /* SugoHeatMapDemoUITests.xctest */,
			);
			name = Products;
			sourceTree = "<group>";
		};
		9B3AAD28230254D3003AFEF3 /* SugoHeatMapDemo */ = {
			isa = PBXGroup;
			children = (
				9B3AAD29230254D3003AFEF3 /* AppDelegate.h */,
				9B3AAD2A230254D3003AFEF3 /* AppDelegate.m */,
				9B3AAD2C230254D3003AFEF3 /* ViewController.h */,
				9B3AAD2D230254D3003AFEF3 /* ViewController.m */,
				9B3AAD2F230254D3003AFEF3 /* Main.storyboard */,
				9B3AAD32230254D3003AFEF3 /* Assets.xcassets */,
				9B3AAD34230254D3003AFEF3 /* LaunchScreen.storyboard */,
				9B3AAD37230254D3003AFEF3 /* Info.plist */,
				9B3AAD38230254D3003AFEF3 /* main.m */,
			);
			path = SugoHeatMapDemo;
			sourceTree = "<group>";
		};
		9B3AAD41230254D3003AFEF3 /* SugoHeatMapDemoTests */ = {
			isa = PBXGroup;
			children = (
				9B3AAD42230254D3003AFEF3 /* SugoHeatMapDemoTests.m */,
				9B3AAD44230254D3003AFEF3 /* Info.plist */,
			);
			path = SugoHeatMapDemoTests;
			sourceTree = "<group>";
		};
		9B3AAD4C230254D3003AFEF3 /* SugoHeatMapDemoUITests */ = {
			isa = PBXGroup;
			children = (
				9B3AAD4D230254D3003AFEF3 /* SugoHeatMapDemoUITests.m */,
				9B3AAD4F230254D3003AFEF3 /* Info.plist */,
			);
			path = SugoHeatMapDemoUITests;
			sourceTree = "<group>";
		};
/* End PBXGroup section */

/* Begin PBXNativeTarget section */
		9B3AAD25230254D3003AFEF3 /* SugoHeatMapDemo */ = {
			isa = PBXNativeTarget;
			buildConfigurationList = 9B3AAD52230254D3003AFEF3 /* Build configuration list for PBXNativeTarget "SugoHeatMapDemo" */;
			buildPhases = (
				9B3AAD22230254D3003AFEF3 /* Sources */,
				9B3AAD23230254D3003AFEF3 /* Frameworks */,
				9B3AAD24230254D3003AFEF3 /* Resources */,
			);
			buildRules = (
			);
			dependencies = (
			);
			name = SugoHeatMapDemo;
			productName = SugoHeatMapDemo;
			productReference = 9B3AAD26230254D3003AFEF3 /* SugoHeatMapDemo.app */;
			productType = "com.apple.product-type.application";
		};
		9B3AAD3D230254D3003AFEF3 /* SugoHeatMapDemoTests */ = {
			isa = PBXNativeTarget;
			buildConfigurationList = 9B3AAD55230254D3003AFEF3 /* Build configuration list for PBXNativeTarget "SugoHeatMapDemoTests" */;
			buildPhases = (
				9B3AAD3A230254D3003AFEF3 /* Sources */,
				9B3AAD3B230254D3003AFEF3 /* Frameworks */,
				9B3AAD3C230254D3003AFEF3 /* Resources */,
			);
			buildRules = (
			);
			dependencies = (
				9B3AAD40230254D3003AFEF3 /* PBXTargetDependency */,
			);
			name = SugoHeatMapDemoTests;
			productName = SugoHeatMapDemoTests;
			productReference = 9B3AAD3E230254D3003AFEF3 /* SugoHeatMapDemoTests.xctest */;
			productType = "com.apple.product-type.bundle.unit-test";
		};
		9B3AAD48230254D3003AFEF3 /* SugoHeatMapDemoUITests */ = {
			isa = PBXNativeTarget;
			buildConfigurationList = 9B3AAD58230254D3003AFEF3 /* Build configuration list for PBXNativeTarget "SugoHeatMapDemoUITests" */;
			buildPhases = (
				9B3AAD45230254D3003AFEF3 /* Sources */,
				9B3AAD46230254D3003AFEF3 /* Frameworks */,
				9B3AAD47230254D3003AFEF3 /* Resources */,
			);
			buildRules = (
			);
			dependencies = (
				9B3AAD4B230254D3003AFEF3 /* PBXTargetDependency */,
			);
			name = SugoHeatMapDemoUITests;
			productName = SugoHeatMapDemoUITests;
			productReference = 9B3AAD49230254D3003AFEF3 /* SugoHeatMapDemoUITests.xctest */;
			productType = "com.apple.product-type.bundle.ui-testing";
		};
/* End PBXNativeTarget section */

/* Begin PBXProject section */
		9B3AAD1E230254D2003AFEF3 /* Project object */ = {
			isa = PBXProject;
			attributes = {
				LastUpgradeCheck = 1030;
				ORGANIZATIONNAME = sugoio;
				TargetAttributes = {
					9B3AAD25230254D3003AFEF3 = {
						CreatedOnToolsVersion = 10.3;
					};
					9B3AAD3D230254D3003AFEF3 = {
						CreatedOnToolsVersion = 10.3;
						TestTargetID = 9B3AAD25230254D3003AFEF3;
					};
					9B3AAD48230254D3003AFEF3 = {
						CreatedOnToolsVersion = 10.3;
						TestTargetID = 9B3AAD25230254D3003AFEF3;
					};
				};
			};
			buildConfigurationList = 9B3AAD21230254D2003AFEF3 /* Build configuration list for PBXProject "SugoHeatMapDemo" */;
			compatibilityVersion = "Xcode 9.3";
			developmentRegion = en;
			hasScannedForEncodings = 0;
			knownRegions = (
				en,
				Base,
			);
			mainGroup = 9B3AAD1D230254D2003AFEF3;
			productRefGroup = 9B3AAD27230254D3003AFEF3 /* Products */;
			projectDirPath = "";
			projectRoot = "";
			targets = (
				9B3AAD25230254D3003AFEF3 /* SugoHeatMapDemo */,
				9B3AAD3D230254D3003AFEF3 /* SugoHeatMapDemoTests */,
				9B3AAD48230254D3003AFEF3 /* SugoHeatMapDemoUITests */,
			);
		};
/* End PBXProject section */

/* Begin PBXResourcesBuildPhase section */
		9B3AAD24230254D3003AFEF3 /* Resources */ = {
			isa = PBXResourcesBuildPhase;
			buildActionMask = 2147483647;
			files = (
				9B3AAD36230254D3003AFEF3 /* LaunchScreen.storyboard in Resources */,
				9B3AAD33230254D3003AFEF3 /* Assets.xcassets in Resources */,
				9B3AAD31230254D3003AFEF3 /* Main.storyboard in Resources */,
			);
			runOnlyForDeploymentPostprocessing = 0;
		};
		9B3AAD3C230254D3003AFEF3 /* Resources */ = {
			isa = PBXResourcesBuildPhase;
			buildActionMask = 2147483647;
			files = (
			);
			runOnlyForDeploymentPostprocessing = 0;
		};
		9B3AAD47230254D3003AFEF3 /* Resources */ = {
			isa = PBXResourcesBuildPhase;
			buildActionMask = 2147483647;
			files = (
			);
			runOnlyForDeploymentPostprocessing = 0;
		};
/* End PBXResourcesBuildPhase section */

/* Begin PBXSourcesBuildPhase section */
		9B3AAD22230254D3003AFEF3 /* Sources */ = {
			isa = PBXSourcesBuildPhase;
			buildActionMask = 2147483647;
			files = (
				9B3AAD2E230254D3003AFEF3 /* ViewController.m in Sources */,
				9B3AAD39230254D3003AFEF3 /* main.m in Sources */,
				9B3AAD2B230254D3003AFEF3 /* AppDelegate.m in Sources */,
			);
			runOnlyForDeploymentPostprocessing = 0;
		};
		9B3AAD3A230254D3003AFEF3 /* Sources */ = {
			isa = PBXSourcesBuildPhase;
			buildActionMask = 2147483647;
			files = (
				9B3AAD43230254D3003AFEF3 /* SugoHeatMapDemoTests.m in Sources */,
			);
			runOnlyForDeploymentPostprocessing = 0;
		};
		9B3AAD45230254D3003AFEF3 /* Sources */ = {
			isa = PBXSourcesBuildPhase;
			buildActionMask = 2147483647;
			files = (
				9B3AAD4E230254D3003AFEF3 /* SugoHeatMapDemoUITests.m in Sources */,
			);
			runOnlyForDeploymentPostprocessing = 0;
		};
/* End PBXSourcesBuildPhase section */

/* Begin PBXTargetDependency section */
		9B3AAD40230254D3003AFEF3 /* PBXTargetDependency */ = {
			isa = PBXTargetDependency;
			target = 9B3AAD25230254D3003AFEF3 /* SugoHeatMapDemo */;
			targetProxy = 9B3AAD3F230254D3003AFEF3 /* PBXContainerItemProxy */;
		};
		9B3AAD4B230254D3003AFEF3 /* PBXTargetDependency */ = {
			isa = PBXTargetDependency;
			target = 9B3AAD25230254D3003AFEF3 /* SugoHeatMapDemo */;
			targetProxy = 9B3AAD4A230254D3003AFEF3 /* PBXContainerItemProxy */;
		};
/* End PBXTargetDependency section */

/* Begin PBXVariantGroup section */
		9B3AAD2F230254D3003AFEF3 /* Main.storyboard */ = {
			isa = PBXVariantGroup;
			children = (
				9B3AAD30230254D3003AFEF3 /* Base */,
			);
			name = Main.storyboard;
			sourceTree = "<group>";
		};
		9B3AAD34230254D3003AFEF3 /* LaunchScreen.storyboard */ = {
			isa = PBXVariantGroup;
			children = (
				9B3AAD35230254D3003AFEF3 /* Base */,
			);
			name = LaunchScreen.storyboard;
			sourceTree = "<group>";
		};
/* End PBXVariantGroup section */

/* Begin XCBuildConfiguration section */
		9B3AAD50230254D3003AFEF3 /* Debug */ = {
			isa = XCBuildConfiguration;
			buildSettings = {
				ALWAYS_SEARCH_USER_PATHS = NO;
				CLANG_ANALYZER_NONNULL = YES;
				CLANG_ANALYZER_NUMBER_OBJECT_CONVERSION = YES_AGGRESSIVE;
				CLANG_CXX_LANGUAGE_STANDARD = "gnu++14";
				CLANG_CXX_LIBRARY = "libc++";
				CLANG_ENABLE_MODULES = YES;
				CLANG_ENABLE_OBJC_ARC = YES;
				CLANG_ENABLE_OBJC_WEAK = YES;
				CLANG_WARN_BLOCK_CAPTURE_AUTORELEASING = YES;
				CLANG_WARN_BOOL_CONVERSION = YES;
				CLANG_WARN_COMMA = YES;
				CLANG_WARN_CONSTANT_CONVERSION = YES;
				CLANG_WARN_DEPRECATED_OBJC_IMPLEMENTATIONS = YES;
				CLANG_WARN_DIRECT_OBJC_ISA_USAGE = YES_ERROR;
				CLANG_WARN_DOCUMENTATION_COMMENTS = YES;
				CLANG_WARN_EMPTY_BODY = YES;
				CLANG_WARN_ENUM_CONVERSION = YES;
				CLANG_WARN_INFINITE_RECURSION = YES;
				CLANG_WARN_INT_CONVERSION = YES;
				CLANG_WARN_NON_LITERAL_NULL_CONVERSION = YES;
				CLANG_WARN_OBJC_IMPLICIT_RETAIN_SELF = YES;
				CLANG_WARN_OBJC_LITERAL_CONVERSION = YES;
				CLANG_WARN_OBJC_ROOT_CLASS = YES_ERROR;
				CLANG_WARN_RANGE_LOOP_ANALYSIS = YES;
				CLANG_WARN_STRICT_PROTOTYPES = YES;
				CLANG_WARN_SUSPICIOUS_MOVE = YES;
				CLANG_WARN_UNGUARDED_AVAILABILITY = YES_AGGRESSIVE;
				CLANG_WARN_UNREACHABLE_CODE = YES;
				CLANG_WARN__DUPLICATE_METHOD_MATCH = YES;
				CODE_SIGN_IDENTITY = "iPhone Developer";
				COPY_PHASE_STRIP = NO;
				DEBUG_INFORMATION_FORMAT = dwarf;
				ENABLE_STRICT_OBJC_MSGSEND = YES;
				ENABLE_TESTABILITY = YES;
				GCC_C_LANGUAGE_STANDARD = gnu11;
				GCC_DYNAMIC_NO_PIC = NO;
				GCC_NO_COMMON_BLOCKS = YES;
				GCC_OPTIMIZATION_LEVEL = 0;
				GCC_PREPROCESSOR_DEFINITIONS = (
					"DEBUG=1",
					"$(inherited)",
				);
				GCC_WARN_64_TO_32_BIT_CONVERSION = YES;
				GCC_WARN_ABOUT_RETURN_TYPE = YES_ERROR;
				GCC_WARN_UNDECLARED_SELECTOR = YES;
				GCC_WARN_UNINITIALIZED_AUTOS = YES_AGGRESSIVE;
				GCC_WARN_UNUSED_FUNCTION = YES;
				GCC_WARN_UNUSED_VARIABLE = YES;
				IPHONEOS_DEPLOYMENT_TARGET = 12.4;
				MTL_ENABLE_DEBUG_INFO = INCLUDE_SOURCE;
				MTL_FAST_MATH = YES;
				ONLY_ACTIVE_ARCH = YES;
				SDKROOT = iphoneos;
			};
			name = Debug;
		};
		9B3AAD51230254D3003AFEF3 /* Release */ = {
			isa = XCBuildConfiguration;
			buildSettings = {
				ALWAYS_SEARCH_USER_PATHS = NO;
				CLANG_ANALYZER_NONNULL = YES;
				CLANG_ANALYZER_NUMBER_OBJECT_CONVERSION = YES_AGGRESSIVE;
				CLANG_CXX_LANGUAGE_STANDARD = "gnu++14";
				CLANG_CXX_LIBRARY = "libc++";
				CLANG_ENABLE_MODULES = YES;
				CLANG_ENABLE_OBJC_ARC = YES;
				CLANG_ENABLE_OBJC_WEAK = YES;
				CLANG_WARN_BLOCK_CAPTURE_AUTORELEASING = YES;
				CLANG_WARN_BOOL_CONVERSION = YES;
				CLANG_WARN_COMMA = YES;
				CLANG_WARN_CONSTANT_CONVERSION = YES;
				CLANG_WARN_DEPRECATED_OBJC_IMPLEMENTATIONS = YES;
				CLANG_WARN_DIRECT_OBJC_ISA_USAGE = YES_ERROR;
				CLANG_WARN_DOCUMENTATION_COMMENTS = YES;
				CLANG_WARN_EMPTY_BODY = YES;
				CLANG_WARN_ENUM_CONVERSION = YES;
				CLANG_WARN_INFINITE_RECURSION = YES;
				CLANG_WARN_INT_CONVERSION = YES;
				CLANG_WARN_NON_LITERAL_NULL_CONVERSION = YES;
				CLANG_WARN_OBJC_IMPLICIT_RETAIN_SELF = YES;
				CLANG_WARN_OBJC_LITERAL_CONVERSION = YES;
				CLANG_WARN_OBJC_ROOT_CLASS = YES_ERROR;
				CLANG_WARN_RANGE_LOOP_ANALYSIS = YES;
				CLANG_WARN_STRICT_PROTOTYPES = YES;
				CLANG_WARN_SUSPICIOUS_MOVE = YES;
				CLANG_WARN_UNGUARDED_AVAILABILITY = YES_AGGRESSIVE;
				CLANG_WARN_UNREACHABLE_CODE = YES;
				CLANG_WARN__DUPLICATE_METHOD_MATCH = YES;
				CODE_SIGN_IDENTITY = "iPhone Developer";
				COPY_PHASE_STRIP = NO;
				DEBUG_INFORMATION_FORMAT = "dwarf-with-dsym";
				ENABLE_NS_ASSERTIONS = NO;
				ENABLE_STRICT_OBJC_MSGSEND = YES;
				GCC_C_LANGUAGE_STANDARD = gnu11;
				GCC_NO_COMMON_BLOCKS = YES;
				GCC_WARN_64_TO_32_BIT_CONVERSION = YES;
				GCC_WARN_ABOUT_RETURN_TYPE = YES_ERROR;
				GCC_WARN_UNDECLARED_SELECTOR = YES;
				GCC_WARN_UNINITIALIZED_AUTOS = YES_AGGRESSIVE;
				GCC_WARN_UNUSED_FUNCTION = YES;
				GCC_WARN_UNUSED_VARIABLE = YES;
				IPHONEOS_DEPLOYMENT_TARGET = 12.4;
				MTL_ENABLE_DEBUG_INFO = NO;
				MTL_FAST_MATH = YES;
				SDKROOT = iphoneos;
				VALIDATE_PRODUCT = YES;
			};
			name = Release;
		};
		9B3AAD53230254D3003AFEF3 /* Debug */ = {
			isa = XCBuildConfiguration;
			buildSettings = {
				ASSETCATALOG_COMPILER_APPICON_NAME = AppIcon;
				CODE_SIGN_STYLE = Automatic;
				DEVELOPMENT_TEAM = 5PCYP5P3P9;
				INFOPLIST_FILE = SugoHeatMapDemo/Info.plist;
				LD_RUNPATH_SEARCH_PATHS = (
					"$(inherited)",
					"@executable_path/Frameworks",
				);
				PRODUCT_BUNDLE_IDENTIFIER = com.sugoio.SugoHeatMapDemo;
				PRODUCT_NAME = "$(TARGET_NAME)";
				TARGETED_DEVICE_FAMILY = "1,2";
			};
			name = Debug;
		};
		9B3AAD54230254D3003AFEF3 /* Release */ = {
			isa = XCBuildConfiguration;
			buildSettings = {
				ASSETCATALOG_COMPILER_APPICON_NAME = AppIcon;
				CODE_SIGN_STYLE = Automatic;
				DEVELOPMENT_TEAM = 5PCYP5P3P9;
				INFOPLIST_FILE = SugoHeatMapDemo/Info.plist;
				LD_RUNPATH_SEARCH_PATHS = (
					"$(inherited)",
					"@executable_path/Frameworks",
				);
				PRODUCT_BUNDLE_IDENTIFIER = com.sugoio.SugoHeatMapDemo;
				PRODUCT_NAME = "$(TARGET_NAME)";
				TARGETED_DEVICE_FAMILY = "1,2";
			};
			name = Release;
		};
		9B3AAD56230254D3003AFEF3 /* Debug */ = {
			isa = XCBuildConfiguration;
			buildSettings = {
				BUNDLE_LOADER = "$(TEST_HOST)";
				CODE_SIGN_STYLE = Automatic;
				DEVELOPMENT_TEAM = 5PCYP5P3P9;
				INFOPLIST_FILE = SugoHeatMapDemoTests/Info.plist;
				LD_RUNPATH_SEARCH_PATHS = (
					"$(inherited)",
					"@executable_path/Frameworks",
					"@loader_path/Frameworks",
				);
				PRODUCT_BUNDLE_IDENTIFIER = com.sugoio.SugoHeatMapDemoTests;
				PRODUCT_NAME = "$(TARGET_NAME)";
				TARGETED_DEVICE_FAMILY = "1,2";
				TEST_HOST = "$(BUILT_PRODUCTS_DIR)/SugoHeatMapDemo.app/SugoHeatMapDemo";
			};
			name = Debug;
		};
		9B3AAD57230254D3003AFEF3 /* Release */ = {
			isa = XCBuildConfiguration;
			buildSettings = {
				BUNDLE_LOADER = "$(TEST_HOST)";
				CODE_SIGN_STYLE = Automatic;
				DEVELOPMENT_TEAM = 5PCYP5P3P9;
				INFOPLIST_FILE = SugoHeatMapDemoTests/Info.plist;
				LD_RUNPATH_SEARCH_PATHS = (
					"$(inherited)",
					"@executable_path/Frameworks",
					"@loader_path/Frameworks",
				);
				PRODUCT_BUNDLE_IDENTIFIER = com.sugoio.SugoHeatMapDemoTests;
				PRODUCT_NAME = "$(TARGET_NAME)";
				TARGETED_DEVICE_FAMILY = "1,2";
				TEST_HOST = "$(BUILT_PRODUCTS_DIR)/SugoHeatMapDemo.app/SugoHeatMapDemo";
			};
			name = Release;
		};
		9B3AAD59230254D3003AFEF3 /* Debug */ = {
			isa = XCBuildConfiguration;
			buildSettings = {
				CODE_SIGN_STYLE = Automatic;
				DEVELOPMENT_TEAM = 5PCYP5P3P9;
				INFOPLIST_FILE = SugoHeatMapDemoUITests/Info.plist;
				LD_RUNPATH_SEARCH_PATHS = (
					"$(inherited)",
					"@executable_path/Frameworks",
					"@loader_path/Frameworks",
				);
				PRODUCT_BUNDLE_IDENTIFIER = com.sugoio.SugoHeatMapDemoUITests;
				PRODUCT_NAME = "$(TARGET_NAME)";
				TARGETED_DEVICE_FAMILY = "1,2";
				TEST_TARGET_NAME = SugoHeatMapDemo;
			};
			name = Debug;
		};
		9B3AAD5A230254D3003AFEF3 /* Release */ = {
			isa = XCBuildConfiguration;
			buildSettings = {
				CODE_SIGN_STYLE = Automatic;
				DEVELOPMENT_TEAM = 5PCYP5P3P9;
				INFOPLIST_FILE = SugoHeatMapDemoUITests/Info.plist;
				LD_RUNPATH_SEARCH_PATHS = (
					"$(inherited)",
					"@executable_path/Frameworks",
					"@loader_path/Frameworks",
				);
				PRODUCT_BUNDLE_IDENTIFIER = com.sugoio.SugoHeatMapDemoUITests;
				PRODUCT_NAME = "$(TARGET_NAME)";
				TARGETED_DEVICE_FAMILY = "1,2";
				TEST_TARGET_NAME = SugoHeatMapDemo;
			};
			name = Release;
		};
/* End XCBuildConfiguration section */

/* Begin XCConfigurationList section */
		9B3AAD21230254D2003AFEF3 /* Build configuration list for PBXProject "SugoHeatMapDemo" */ = {
			isa = XCConfigurationList;
			buildConfigurations = (
				9B3AAD50230254D3003AFEF3 /* Debug */,
				9B3AAD51230254D3003AFEF3 /* Release */,
			);
			defaultConfigurationIsVisible = 0;
			defaultConfigurationName = Release;
		};
		9B3AAD52230254D3003AFEF3 /* Build configuration list for PBXNativeTarget "SugoHeatMapDemo" */ = {
			isa = XCConfigurationList;
			buildConfigurations = (
				9B3AAD53230254D3003AFEF3 /* Debug */,
				9B3AAD54230254D3003AFEF3 /* Release */,
			);
			defaultConfigurationIsVisible = 0;
			defaultConfigurationName = Release;
		};
		9B3AAD55230254D3003AFEF3 /* Build configuration list for PBXNativeTarget "SugoHeatMapDemoTests" */ = {
			isa = XCConfigurationList;
			buildConfigurations = (
				9B3AAD56230254D3003AFEF3 /* Debug */,
				9B3AAD57230254D3003AFEF3 /* Release */,
			);
			defaultConfigurationIsVisible = 0;
			defaultConfigurationName = Release;
		};
		9B3AAD58230254D3003AFEF3 /* Build configuration list for PBXNativeTarget "SugoHeatMapDemoUITests" */ = {
			isa = XCConfigurationList;
			buildConfigurations = (
				9B3AAD59230254D3003AFEF3 /* Debug */,
				9B3AAD5A230254D3003AFEF3 /* Release */,
			);
			defaultConfigurationIsVisible = 0;
			defaultConfigurationName = Release;
		};
/* End XCConfigurationList section */
	};
	rootObject = 9B3AAD1E230254D2003AFEF3 /* Project object */;
}
